
Microsoft Visual Studio Solution File, Format Version 11.00
# Visual Studio 2010
Project("{FAE04EC0-301F-11D3-BF4B-00C04F79EFBC}") = "PTP_Application", "PTP_Application.csproj", "{005138FA-82D3-47DD-8520-46BA2EF78E6C}"
EndProject
Project("{FAE04EC0-301F-11D3-BF4B-00C04F79EFBC}") = "EnerLinxDotCom.Diagnostics.ExTrace", "ExTrace\EnerLinxDotCom.Diagnostics.ExTrace.csproj", "{3116E42A-A084-42A5-9AC6-2477C21F04FF}"
EndProject
Global
	GlobalSection(SolutionConfigurationPlatforms) = preSolution
		Debug|Any CPU = Debug|Any CPU
		Debug|Mixed Platforms = Debug|Mixed Platforms
		Debug|x86 = Debug|x86
		Release|Any CPU = Release|Any CPU
		Release|Mixed Platforms = Release|Mixed Platforms
		Release|x86 = Release|x86
	EndGlobalSection
	GlobalSection(ProjectConfigurationPlatforms) = postSolution
		{005138FA-82D3-47DD-8520-46BA2EF78E6C}.Debug|Any CPU.ActiveCfg = Debug|x86
		{005138FA-82D3-47DD-8520-46BA2EF78E6C}.Debug|Mixed Platforms.ActiveCfg = Debug|x86
		{005138FA-82D3-47DD-8520-46BA2EF78E6C}.Debug|Mixed Platforms.Build.0 = Debug|x86
		{005138FA-82D3-47DD-8520-46BA2EF78E6C}.Debug|x86.ActiveCfg = Debug|x86
		{005138FA-82D3-47DD-8520-46BA2EF78E6C}.Debug|x86.Build.0 = Debug|x86
		{005138FA-82D3-47DD-8520-46BA2EF78E6C}.Release|Any CPU.ActiveCfg = Release|x86
		{005138FA-82D3-47DD-8520-46BA2EF78E6C}.Release|Mixed Platforms.ActiveCfg = Release|x86
		{005138FA-82D3-47DD-8520-46BA2EF78E6C}.Release|Mixed Platforms.Build.0 = Release|x86
		{005138FA-82D3-47DD-8520-46BA2EF78E6C}.Release|x86.ActiveCfg = Release|x86
		{005138FA-82D3-47DD-8520-46BA2EF78E6C}.Release|x86.Build.0 = Release|x86
		{3116E42A-A084-42A5-9AC6-2477C21F04FF}.Debug|Any CPU.ActiveCfg = Debug|Any CPU
		{3116E42A-A084-42A5-9AC6-2477C21F04FF}.Debug|Any CPU.Build.0 = Debug|Any CPU
		{3116E42A-A084-42A5-9AC6-2477C21F04FF}.Debug|Mixed Platforms.ActiveCfg = Debug|Any CPU
		{3116E42A-A084-42A5-9AC6-2477C21F04FF}.Debug|Mixed Platforms.Build.0 = Debug|Any CPU
		{3116E42A-A084-42A5-9AC6-2477C21F04FF}.Debug|x86.ActiveCfg = Debug|Any CPU
		{3116E42A-A084-42A5-9AC6-2477C21F04FF}.Release|Any CPU.ActiveCfg = Release|Any CPU
		{3116E42A-A084-42A5-9AC6-2477C21F04FF}.Release|Any CPU.Build.0 = Release|Any CPU
		{3116E42A-A084-42A5-9AC6-2477C21F04FF}.Release|Mixed Platforms.ActiveCfg = Release|Any CPU
		{3116E42A-A084-42A5-9AC6-2477C21F04FF}.Release|Mixed Platforms.Build.0 = Release|Any CPU
		{3116E42A-A084-42A5-9AC6-2477C21F04FF}.Release|x86.ActiveCfg = Release|Any CPU
	EndGlobalSection
	GlobalSection(SolutionProperties) = preSolution
		HideSolutionNode = FALSE
	EndGlobalSection
EndGlobal
